// !$*UTF8*$!
{
	archiveVersion = 1;
	classes = {
	};
	objectVersion = 46;
	objects = {

/* Begin PBXBuildFile section */
		3FE82C831C46314F0097D49E /* main.m in Sources */ = {isa = PBXBuildFile; fileRef = 3FE82C821C46314F0097D49E /* main.m */; };
		3FE82C861C46314F0097D49E /* AppDelegate.m in Sources */ = {isa = PBXBuildFile; fileRef = 3FE82C851C46314F0097D49E /* AppDelegate.m */; };
		3FE82C891C46314F0097D49E /* ViewController.m in Sources */ = {isa = PBXBuildFile; fileRef = 3FE82C881C46314F0097D49E /* ViewController.m */; };
		3FE82C8C1C46314F0097D49E /* Main.storyboard in Resources */ = {isa = PBXBuildFile; fileRef = 3FE82C8A1C46314F0097D49E /* Main.storyboard */; };
		3FE82C8E1C46314F0097D49E /* Assets.xcassets in Resources */ = {isa = PBXBuildFile; fileRef = 3FE82C8D1C46314F0097D49E /* Assets.xcassets */; };
		3FE82C911C46314F0097D49E /* LaunchScreen.storyboard in Resources */ = {isa = PBXBuildFile; fileRef = 3FE82C8F1C46314F0097D49E /* LaunchScreen.storyboard */; };
		3FE82C9C1C46314F0097D49E /* whasrepositoryTests.m in Sources */ = {isa = PBXBuildFile; fileRef = 3FE82C9B1C46314F0097D49E /* whasrepositoryTests.m */; };
		3FE82CA71C46314F0097D49E /* whasrepositoryUITests.m in Sources */ = {isa = PBXBuildFile; fileRef = 3FE82CA61C46314F0097D49E /* whasrepositoryUITests.m */; };
/* End PBXBuildFile section */

/* Begin PBXContainerItemProxy section */
		3FE82C981C46314F0097D49E /* PBXContainerItemProxy */ = {
			isa = PBXContainerItemProxy;
			containerPortal = 3FE82C761C46314F0097D49E /* Project object */;
			proxyType = 1;
			remoteGlobalIDString = 3FE82C7D1C46314F0097D49E;
			remoteInfo = whasrepository;
		};
		3FE82CA31C46314F0097D49E /* PBXContainerItemProxy */ = {
			isa = PBXContainerItemProxy;
			containerPortal = 3FE82C761C46314F0097D49E /* Project object */;
			proxyType = 1;
			remoteGlobalIDString = 3FE82C7D1C46314F0097D49E;
			remoteInfo = whasrepository;
		};
/* End PBXContainerItemProxy section */

/* Begin PBXFileReference section */
		3FE82C7E1C46314F0097D49E /* whasrepository.app */ = {isa = PBXFileReference; explicitFileType = wrapper.application; includeInIndex = 0; path = whasrepository.app; sourceTree = BUILT_PRODUCTS_DIR; };
		3FE82C821C46314F0097D49E /* main.m */ = {isa = PBXFileReference; lastKnownFileType = sourcecode.c.objc; path = main.m; sourceTree = "<group>"; };
		3FE82C841C46314F0097D49E /* AppDelegate.h */ = {isa = PBXFileReference; lastKnownFileType = sourcecode.c.h; path = AppDelegate.h; sourceTree = "<group>"; };
		3FE82C851C46314F0097D49E /* AppDelegate.m */ = {isa = PBXFileReference; lastKnownFileType = sourcecode.c.objc; path = AppDelegate.m; sourceTree = "<group>"; };
		3FE82C871C46314F0097D49E /* ViewController.h */ = {isa = PBXFileReference; lastKnownFileType = sourcecode.c.h; path = ViewController.h; sourceTree = "<group>"; };
		3FE82C881C46314F0097D49E /* ViewController.m */ = {isa = PBXFileReference; lastKnownFileType = sourcecode.c.objc; path = ViewController.m; sourceTree = "<group>"; };
		3FE82C8B1C46314F0097D49E /* Base */ = {isa = PBXFileReference; lastKnownFileType = file.storyboard; name = Base; path = Base.lproj/Main.storyboard; sourceTree = "<group>"; };
		3FE82C8D1C46314F0097D49E /* Assets.xcassets */ = {isa = PBXFileReference; lastKnownFileType = folder.assetcatalog; path = Assets.xcassets; sourceTree = "<group>"; };
		3FE82C901C46314F0097D49E /* Base */ = {isa = PBXFileReference; lastKnownFileType = file.storyboard; name = Base; path = Base.lproj/LaunchScreen.storyboard; sourceTree = "<group>"; };
		3FE82C921C46314F0097D49E /* Info.plist */ = {isa = PBXFileReference; lastKnownFileType = text.plist.xml; path = Info.plist; sourceTree = "<group>"; };
		3FE82C971C46314F0097D49E /* whasrepositoryTests.xctest */ = {isa = PBXFileReference; explicitFileType = wrapper.cfbundle; includeInIndex = 0; path = whasrepositoryTests.xctest; sourceTree = BUILT_PRODUCTS_DIR; };
		3FE82C9B1C46314F0097D49E /* whasrepositoryTests.m */ = {isa = PBXFileReference; lastKnownFileType = sourcecode.c.objc; path = whasrepositoryTests.m; sourceTree = "<group>"; };
		3FE82C9D1C46314F0097D49E /* Info.plist */ = {isa = PBXFileReference; lastKnownFileType = text.plist.xml; path = Info.plist; sourceTree = "<group>"; };
		3FE82CA21C46314F0097D49E /* whasrepositoryUITests.xctest */ = {isa = PBXFileReference; explicitFileType = wrapper.cfbundle; includeInIndex = 0; path = whasrepositoryUITests.xctest; sourceTree = BUILT_PRODUCTS_DIR; };
		3FE82CA61C46314F0097D49E /* whasrepositoryUITests.m */ = {isa = PBXFileReference; lastKnownFileType = sourcecode.c.objc; path = whasrepositoryUITests.m; sourceTree = "<group>"; };
		3FE82CA81C46314F0097D49E /* Info.plist */ = {isa = PBXFileReference; lastKnownFileType = text.plist.xml; path = Info.plist; sourceTree = "<group>"; };
/* End PBXFileReference section */

/* Begin PBXFrameworksBuildPhase section */
		3FE82C7B1C46314F0097D49E /* Frameworks */ = {
			isa = PBXFrameworksBuildPhase;
			buildActionMask = 2147483647;
			files = (
			);
			runOnlyForDeploymentPostprocessing = 0;
		};
		3FE82C941C46314F0097D49E /* Frameworks */ = {
			isa = PBXFrameworksBuildPhase;
			buildActionMask = 2147483647;
			files = (
			);
			runOnlyForDeploymentPostprocessing = 0;
		};
		3FE82C9F1C46314F0097D49E /* Frameworks */ = {
			isa = PBXFrameworksBuildPhase;
			buildActionMask = 2147483647;
			files = (
			);
			runOnlyForDeploymentPostprocessing = 0;
		};
/* End PBXFrameworksBuildPhase section */

/* Begin PBXGroup section */
		3FE82C751C46314F0097D49E = {
			isa = PBXGroup;
			children = (
				3FE82C801C46314F0097D49E /* whasrepository */,
				3FE82C9A1C46314F0097D49E /* whasrepositoryTests */,
				3FE82CA51C46314F0097D49E /* whasrepositoryUITests */,
				3FE82C7F1C46314F0097D49E /* Products */,
			);
			sourceTree = "<group>";
		};
		3FE82C7F1C46314F0097D49E /* Products */ = {
			isa = PBXGroup;
			children = (
				3FE82C7E1C46314F0097D49E /* whasrepository.app */,
				3FE82C971C46314F0097D49E /* whasrepositoryTests.xctest */,
				3FE82CA21C46314F0097D49E /* whasrepositoryUITests.xctest */,
			);
			name = Products;
			sourceTree = "<group>";
		};
		3FE82C801C46314F0097D49E /* whasrepository */ = {
			isa = PBXGroup;
			children = (
				3FE82C841C46314F0097D49E /* AppDelegate.h */,
				3FE82C851C46314F0097D49E /* AppDelegate.m */,
				3FE82C871C46314F0097D49E /* ViewController.h */,
				3FE82C881C46314F0097D49E /* ViewController.m */,
				3FE82C8A1C46314F0097D49E /* Main.storyboard */,
				3FE82C8D1C46314F0097D49E /* Assets.xcassets */,
				3FE82C8F1C46314F0097D49E /* LaunchScreen.storyboard */,
				3FE82C921C46314F0097D49E /* Info.plist */,
				3FE82C811C46314F0097D49E /* Supporting Files */,
			);
			path = whasrepository;
			sourceTree = "<group>";
		};
		3FE82C811C46314F0097D49E /* Supporting Files */ = {
			isa = PBXGroup;
			children = (
				3FE82C821C46314F0097D49E /* main.m */,
			);
			name = "Supporting Files";
			sourceTree = "<group>";
		};
		3FE82C9A1C46314F0097D49E /* whasrepositoryTests */ = {
			isa = PBXGroup;
			children = (
				3FE82C9B1C46314F0097D49E /* whasrepositoryTests.m */,
				3FE82C9D1C46314F0097D49E /* Info.plist */,
			);
			path = whasrepositoryTests;
			sourceTree = "<group>";
		};
		3FE82CA51C46314F0097D49E /* whasrepositoryUITests */ = {
			isa = PBXGroup;
			children = (
				3FE82CA61C46314F0097D49E /* whasrepositoryUITests.m */,
				3FE82CA81C46314F0097D49E /* Info.plist */,
			);
			path = whasrepositoryUITests;
			sourceTree = "<group>";
		};
/* End PBXGroup section */

/* Begin PBXNativeTarget section */
		3FE82C7D1C46314F0097D49E /* whasrepository */ = {
			isa = PBXNativeTarget;
			buildConfigurationList = 3FE82CAB1C46314F0097D49E /* Build configuration list for PBXNativeTarget "whasrepository" */;
			buildPhases = (
				3FE82C7A1C46314F0097D49E /* Sources */,
				3FE82C7B1C46314F0097D49E /* Frameworks */,
				3FE82C7C1C46314F0097D49E /* Resources */,
			);
			buildRules = (
			);
			dependencies = (
			);
			name = whasrepository;
			productName = whasrepository;
			productReference = 3FE82C7E1C46314F0097D49E /* whasrepository.app */;
			productType = "com.apple.product-type.application";
		};
		3FE82C961C46314F0097D49E /* whasrepositoryTests */ = {
			isa = PBXNativeTarget;
			buildConfigurationList = 3FE82CAE1C46314F0097D49E /* Build configuration list for PBXNativeTarget "whasrepositoryTests" */;
			buildPhases = (
				3FE82C931C46314F0097D49E /* Sources */,
				3FE82C941C46314F0097D49E /* Frameworks */,
				3FE82C951C46314F0097D49E /* Resources */,
			);
			buildRules = (
			);
			dependencies = (
				3FE82C991C46314F0097D49E /* PBXTargetDependency */,
			);
			name = whasrepositoryTests;
			productName = whasrepositoryTests;
			productReference = 3FE82C971C46314F0097D49E /* whasrepositoryTests.xctest */;
			productType = "com.apple.product-type.bundle.unit-test";
		};
		3FE82CA11C46314F0097D49E /* whasrepositoryUITests */ = {
			isa = PBXNativeTarget;
			buildConfigurationList = 3FE82CB11C46314F0097D49E /* Build configuration list for PBXNativeTarget "whasrepositoryUITests" */;
			buildPhases = (
				3FE82C9E1C46314F0097D49E /* Sources */,
				3FE82C9F1C46314F0097D49E /* Frameworks */,
				3FE82CA01C46314F0097D49E /* Resources */,
			);
			buildRules = (
			);
			dependencies = (
				3FE82CA41C46314F0097D49E /* PBXTargetDependency */,
			);
			name = whasrepositoryUITests;
			productName = whasrepositoryUITests;
			productReference = 3FE82CA21C46314F0097D49E /* whasrepositoryUITests.xctest */;
			productType = "com.apple.product-type.bundle.ui-testing";
		};
/* End PBXNativeTarget section */

/* Begin PBXProject section */
		3FE82C761C46314F0097D49E /* Project object */ = {
			isa = PBXProject;
			attributes = {
				LastUpgradeCheck = 0710;
				ORGANIZATIONNAME = "Shady Lew";
				TargetAttributes = {
					3FE82C7D1C46314F0097D49E = {
						CreatedOnToolsVersion = 7.1.1;
					};
					3FE82C961C46314F0097D49E = {
						CreatedOnToolsVersion = 7.1.1;
						TestTargetID = 3FE82C7D1C46314F0097D49E;
					};
					3FE82CA11C46314F0097D49E = {
						CreatedOnToolsVersion = 7.1.1;
						TestTargetID = 3FE82C7D1C46314F0097D49E;
					};
				};
			};
			buildConfigurationList = 3FE82C791C46314F0097D49E /* Build configuration list for PBXProject "whasrepository" */;
			compatibilityVersion = "Xcode 3.2";
			developmentRegion = English;
			hasScannedForEncodings = 0;
			knownRegions = (
				en,
				Base,
			);
			mainGroup = 3FE82C751C46314F0097D49E;
			productRefGroup = 3FE82C7F1C46314F0097D49E /* Products */;
			projectDirPath = "";
			projectRoot = "";
			targets = (
				3FE82C7D1C46314F0097D49E /* whasrepository */,
				3FE82C961C46314F0097D49E /* whasrepositoryTests */,
				3FE82CA11C46314F0097D49E /* whasrepositoryUITests */,
			);
		};
/* End PBXProject section */

/* Begin PBXResourcesBuildPhase section */
		3FE82C7C1C46314F0097D49E /* Resources */ = {
			isa = PBXResourcesBuildPhase;
			buildActionMask = 2147483647;
			files = (
				3FE82C911C46314F0097D49E /* LaunchScreen.storyboard in Resources */,
				3FE82C8E1C46314F0097D49E /* Assets.xcassets in Resources */,
				3FE82C8C1C46314F0097D49E /* Main.storyboard in Resources */,
			);
			runOnlyForDeploymentPostprocessing = 0;
		};
		3FE82C951C46314F0097D49E /* Resources */ = {
			isa = PBXResourcesBuildPhase;
			buildActionMask = 2147483647;
			files = (
			);
			runOnlyForDeploymentPostprocessing = 0;
		};
		3FE82CA01C46314F0097D49E /* Resources */ = {
			isa = PBXResourcesBuildPhase;
			buildActionMask = 2147483647;
			files = (
			);
			runOnlyForDeploymentPostprocessing = 0;
		};
/* End PBXResourcesBuildPhase section */

/* Begin PBXSourcesBuildPhase section */
		3FE82C7A1C46314F0097D49E /* Sources */ = {
			isa = PBXSourcesBuildPhase;
			buildActionMask = 2147483647;
			files = (
				3FE82C891C46314F0097D49E /* ViewController.m in Sources */,
				3FE82C861C46314F0097D49E /* AppDelegate.m in Sources */,
				3FE82C831C46314F0097D49E /* main.m in Sources */,
			);
			runOnlyForDeploymentPostprocessing = 0;
		};
		3FE82C931C46314F0097D49E /* Sources */ = {
			isa = PBXSourcesBuildPhase;
			buildActionMask = 2147483647;
			files = (
				3FE82C9C1C46314F0097D49E /* whasrepositoryTests.m in Sources */,
			);
			runOnlyForDeploymentPostprocessing = 0;
		};
		3FE82C9E1C46314F0097D49E /* Sources */ = {
			isa = PBXSourcesBuildPhase;
			buildActionMask = 2147483647;
			files = (
				3FE82CA71C46314F0097D49E /* whasrepositoryUITests.m in Sources */,
			);
			runOnlyForDeploymentPostprocessing = 0;
		};
/* End PBXSourcesBuildPhase section */

/* Begin PBXTargetDependency section */
		3FE82C991C46314F0097D49E /* PBXTargetDependency */ = {
			isa = PBXTargetDependency;
			target = 3FE82C7D1C46314F0097D49E /* whasrepository */;
			targetProxy = 3FE82C981C46314F0097D49E /* PBXContainerItemProxy */;
		};
		3FE82CA41C46314F0097D49E /* PBXTargetDependency */ = {
			isa = PBXTargetDependency;
			target = 3FE82C7D1C46314F0097D49E /* whasrepository */;
			targetProxy = 3FE82CA31C46314F0097D49E /* PBXContainerItemProxy */;
		};
/* End PBXTargetDependency section */

/* Begin PBXVariantGroup section */
		3FE82C8A1C46314F0097D49E /* Main.storyboard */ = {
			isa = PBXVariantGroup;
			children = (
				3FE82C8B1C46314F0097D49E /* Base */,
			);
			name = Main.storyboard;
			sourceTree = "<group>";
		};
		3FE82C8F1C46314F0097D49E /* LaunchScreen.storyboard */ = {
			isa = PBXVariantGroup;
			children = (
				3FE82C901C46314F0097D49E /* Base */,
			);
			name = LaunchScreen.storyboard;
			sourceTree = "<group>";
		};
/* End PBXVariantGroup section */

/* Begin XCBuildConfiguration section */
		3FE82CA91C46314F0097D49E /* Debug */ = {
			isa = XCBuildConfiguration;
			buildSettings = {
				ALWAYS_SEARCH_USER_PATHS = NO;
				CLANG_CXX_LANGUAGE_STANDARD = "gnu++0x";
				CLANG_CXX_LIBRARY = "libc++";
				CLANG_ENABLE_MODULES = YES;
				CLANG_ENABLE_OBJC_ARC = YES;
				CLANG_WARN_BOOL_CONVERSION = YES;
				CLANG_WARN_CONSTANT_CONVERSION = YES;
				CLANG_WARN_DIRECT_OBJC_ISA_USAGE = YES_ERROR;
				CLANG_WARN_EMPTY_BODY = YES;
				CLANG_WARN_ENUM_CONVERSION = YES;
				CLANG_WARN_INT_CONVERSION = YES;
				CLANG_WARN_OBJC_ROOT_CLASS = YES_ERROR;
				CLANG_WARN_UNREACHABLE_CODE = YES;
				CLANG_WARN__DUPLICATE_METHOD_MATCH = YES;
				"CODE_SIGN_IDENTITY[sdk=iphoneos*]" = "iPhone Developer";
				COPY_PHASE_STRIP = NO;
				DEBUG_INFORMATION_FORMAT = dwarf;
				ENABLE_STRICT_OBJC_MSGSEND = YES;
				ENABLE_TESTABILITY = YES;
				GCC_C_LANGUAGE_STANDARD = gnu99;
				GCC_DYNAMIC_NO_PIC = NO;
				GCC_NO_COMMON_BLOCKS = YES;
				GCC_OPTIMIZATION_LEVEL = 0;
				GCC_PREPROCESSOR_DEFINITIONS = (
					"DEBUG=1",
					"$(inherited)",
				);
				GCC_WARN_64_TO_32_BIT_CONVERSION = YES;
				GCC_WARN_ABOUT_RETURN_TYPE = YES_ERROR;
				GCC_WARN_UNDECLARED_SELECTOR = YES;
				GCC_WARN_UNINITIALIZED_AUTOS = YES_AGGRESSIVE;
				GCC_WARN_UNUSED_FUNCTION = YES;
				GCC_WARN_UNUSED_VARIABLE = YES;
				IPHONEOS_DEPLOYMENT_TARGET = 9.1;
				MTL_ENABLE_DEBUG_INFO = YES;
				ONLY_ACTIVE_ARCH = YES;
				SDKROOT = iphoneos;
			};
			name = Debug;
		};
		3FE82CAA1C46314F0097D49E /* Release */ = {
			isa = XCBuildConfiguration;
			buildSettings = {
				ALWAYS_SEARCH_USER_PATHS = NO;
				CLANG_CXX_LANGUAGE_STANDARD = "gnu++0x";
				CLANG_CXX_LIBRARY = "libc++";
				CLANG_ENABLE_MODULES = YES;
				CLANG_ENABLE_OBJC_ARC = YES;
				CLANG_WARN_BOOL_CONVERSION = YES;
				CLANG_WARN_CONSTANT_CONVERSION = YES;
				CLANG_WARN_DIRECT_OBJC_ISA_USAGE = YES_ERROR;
				CLANG_WARN_EMPTY_BODY = YES;
				CLANG_WARN_ENUM_CONVERSION = YES;
				CLANG_WARN_INT_CONVERSION = YES;
				CLANG_WARN_OBJC_ROOT_CLASS = YES_ERROR;
				CLANG_WARN_UNREACHABLE_CODE = YES;
				CLANG_WARN__DUPLICATE_METHOD_MATCH = YES;
				"CODE_SIGN_IDENTITY[sdk=iphoneos*]" = "iPhone Developer";
				COPY_PHASE_STRIP = NO;
				DEBUG_INFORMATION_FORMAT = "dwarf-with-dsym";
				ENABLE_NS_ASSERTIONS = NO;
				ENABLE_STRICT_OBJC_MSGSEND = YES;
				GCC_C_LANGUAGE_STANDARD = gnu99;
				GCC_NO_COMMON_BLOCKS = YES;
				GCC_WARN_64_TO_32_BIT_CONVERSION = YES;
				GCC_WARN_ABOUT_RETURN_TYPE = YES_ERROR;
				GCC_WARN_UNDECLARED_SELECTOR = YES;
				GCC_WARN_UNINITIALIZED_AUTOS = YES_AGGRESSIVE;
				GCC_WARN_UNUSED_FUNCTION = YES;
				GCC_WARN_UNUSED_VARIABLE = YES;
				IPHONEOS_DEPLOYMENT_TARGET = 9.1;
				MTL_ENABLE_DEBUG_INFO = NO;
				SDKROOT = iphoneos;
				VALIDATE_PRODUCT = YES;
			};
			name = Release;
		};
		3FE82CAC1C46314F0097D49E /* Debug */ = {
			isa = XCBuildConfiguration;
			buildSettings = {
				ASSETCATALOG_COMPILER_APPICON_NAME = AppIcon;
				INFOPLIST_FILE = whasrepository/Info.plist;
				LD_RUNPATH_SEARCH_PATHS = "$(inherited) @executable_path/Frameworks";
				PRODUCT_BUNDLE_IDENTIFIER = com.zeroApp.whasrepository;
				PRODUCT_NAME = "$(TARGET_NAME)";
			};
			name = Debug;
		};
		3FE82CAD1C46314F0097D49E /* Release */ = {
			isa = XCBuildConfiguration;
			buildSettings = {
				ASSETCATALOG_COMPILER_APPICON_NAME = AppIcon;
				INFOPLIST_FILE = whasrepository/Info.plist;
				LD_RUNPATH_SEARCH_PATHS = "$(inherited) @executable_path/Frameworks";
				PRODUCT_BUNDLE_IDENTIFIER = com.zeroApp.whasrepository;
				PRODUCT_NAME = "$(TARGET_NAME)";
			};
			name = Release;
		};
		3FE82CAF1C46314F0097D49E /* Debug */ = {
			isa = XCBuildConfiguration;
			buildSettings = {
				BUNDLE_LOADER = "$(TEST_HOST)";
				INFOPLIST_FILE = whasrepositoryTests/Info.plist;
				LD_RUNPATH_SEARCH_PATHS = "$(inherited) @executable_path/Frameworks @loader_path/Frameworks";
				PRODUCT_BUNDLE_IDENTIFIER = com.zeroApp.whasrepositoryTests;
				PRODUCT_NAME = "$(TARGET_NAME)";
				TEST_HOST = "$(BUILT_PRODUCTS_DIR)/whasrepository.app/whasrepository";
			};
			name = Debug;
		};
		3FE82CB01C46314F0097D49E /* Release */ = {
			isa = XCBuildConfiguration;
			buildSettings = {
				BUNDLE_LOADER = "$(TEST_HOST)";
				INFOPLIST_FILE = whasrepositoryTests/Info.plist;
				LD_RUNPATH_SEARCH_PATHS = "$(inherited) @executable_path/Frameworks @loader_path/Frameworks";
				PRODUCT_BUNDLE_IDENTIFIER = com.zeroApp.whasrepositoryTests;
				PRODUCT_NAME = "$(TARGET_NAME)";
				TEST_HOST = "$(BUILT_PRODUCTS_DIR)/whasrepository.app/whasrepository";
			};
			name = Release;
		};
		3FE82CB21C46314F0097D49E /* Debug */ = {
			isa = XCBuildConfiguration;
			buildSettings = {
				INFOPLIST_FILE = whasrepositoryUITests/Info.plist;
				LD_RUNPATH_SEARCH_PATHS = "$(inherited) @executable_path/Frameworks @loader_path/Frameworks";
				PRODUCT_BUNDLE_IDENTIFIER = com.zeroApp.whasrepositoryUITests;
				PRODUCT_NAME = "$(TARGET_NAME)";
				TEST_TARGET_NAME = whasrepository;
				USES_XCTRUNNER = YES;
			};
			name = Debug;
		};
		3FE82CB31C46314F0097D49E /* Release */ = {
			isa = XCBuildConfiguration;
			buildSettings = {
				INFOPLIST_FILE = whasrepositoryUITests/Info.plist;
				LD_RUNPATH_SEARCH_PATHS = "$(inherited) @executable_path/Frameworks @loader_path/Frameworks";
				PRODUCT_BUNDLE_IDENTIFIER = com.zeroApp.whasrepositoryUITests;
				PRODUCT_NAME = "$(TARGET_NAME)";
				TEST_TARGET_NAME = whasrepository;
				USES_XCTRUNNER = YES;
			};
			name = Release;
		};
/* End XCBuildConfiguration section */

/* Begin XCConfigurationList section */
		3FE82C791C46314F0097D49E /* Build configuration list for PBXProject "whasrepository" */ = {
			isa = XCConfigurationList;
			buildConfigurations = (
				3FE82CA91C46314F0097D49E /* Debug */,
				3FE82CAA1C46314F0097D49E /* Release */,
			);
			defaultConfigurationIsVisible = 0;
			defaultConfigurationName = Release;
		};
		3FE82CAB1C46314F0097D49E /* Build configuration list for PBXNativeTarget "whasrepository" */ = {
			isa = XCConfigurationList;
			buildConfigurations = (
				3FE82CAC1C46314F0097D49E /* Debug */,
				3FE82CAD1C46314F0097D49E /* Release */,
			);
			defaultConfigurationIsVisible = 0;
		};
		3FE82CAE1C46314F0097D49E /* Build configuration list for PBXNativeTarget "whasrepositoryTests" */ = {
			isa = XCConfigurationList;
			buildConfigurations = (
				3FE82CAF1C46314F0097D49E /* Debug */,
				3FE82CB01C46314F0097D49E /* Release */,
			);
			defaultConfigurationIsVisible = 0;
		};
		3FE82CB11C46314F0097D49E /* Build configuration list for PBXNativeTarget "whasrepositoryUITests" */ = {
			isa = XCConfigurationList;
			buildConfigurations = (
				3FE82CB21C46314F0097D49E /* Debug */,
				3FE82CB31C46314F0097D49E /* Release */,
			);
			defaultConfigurationIsVisible = 0;
		};
/* End XCConfigurationList section */
	};
	rootObject = 3FE82C761C46314F0097D49E /* Project object */;
}
